{
  "version": 4,
  "terraform_version": "1.14.6",
  "serial": 1923,
  "lineage": "1ec46bd0-c273-e2b5-3800-0383d7246efd",
  "outputs": {},
  "resources": [
    {
      "mode": "managed",
      "type": "coderd_template",
      "name": "aws-devcontainer",
      "provider": "provider[\"registry.terraform.io/coder/coderd\"]",
      "instances": [
        {
          "schema_version": 0,
          "attributes": {
            "acl": null,
            "activity_bump_ms": 3600000,
            "allow_user_auto_start": true,
            "allow_user_auto_stop": true,
            "allow_user_cancel_workspace_jobs": true,
            "auto_start_permitted_days_of_week": [
              "friday",
              "monday",
              "saturday",
              "sunday",
              "thursday",
              "tuesday",
              "wednesday"
            ],
            "auto_stop_requirement": {
              "days_of_week": [],
              "weeks": 1
            },
            "default_ttl_ms": 0,
            "deprecation_message": "",
            "description": "Provision envbuilder containers on AWS EC2 VMs as Coder workspaces",
            "display_name": "Devcontainers (AWS EC2 Linux)",
            "failure_ttl_ms": 0,
            "icon": "/icon/aws.png",
            "id": "e78a459c-e6b9-4f8f-93df-9d2d9458e665",
            "max_port_share_level": "owner",
            "name": "aws-devcontainer",
            "organization_id": "39b40b02-f210-4b03-96fe-fb4e2e0e9d5d",
            "require_active_version": false,
            "time_til_dormant_autodelete_ms": 0,
            "time_til_dormant_ms": 0,
            "versions": [
              {
                "active": true,
                "directory": "./aws-devcontainer",
                "directory_hash": "ad9f1b7eff005a08e4f78b2568e0d0e82a1ac548ba0d76d33f75cfbacdb6959d",
                "id": "f21746f2-ba08-4368-bab9-6186b2607510",
                "message": "",
                "name": "a92532f01e1de3fc4a88c99f2ec7f348736a3cb3",
                "provisioner_tags": null,
                "tf_vars": null
              }
            ]
          },
          "sensitive_attributes": [],
          "identity_schema_version": 0,
          "private": "eyJsYXN0X3ZlcnNpb25zIjoiZXlKaFpEbG1NV0kzWldabU1EQTFZVEE0WlRSbU56aGlNalUyT0dVd1pEQmxPREpoTVdGak5UUTRZbUV3WkRjMlpETXpaamMxWTJaaVlXTmtZalk1TlRsa0lqcGJleUpwWkNJNkltWXlNVGMwTm1ZeUxXSmhNRGd0TkRNMk9DMWlZV0k1TFRZeE9EWmlNall3TnpVeE1DSXNJbTVoYldVaU9pSmhPVEkxTXpKbU1ERmxNV1JsTTJaak5HRTRPR001T1dZeVpXTTNaak0wT0Rjek5tRXpZMkl6SWl3aWRHWmZkbUZ5Y3lJNmUzMHNJbUZqZEdsMlpTSTZkSEoxWlgxZGZRPT0ifQ=="
        }
      ]
    },
    {
      "mode": "managed",
      "type": "coderd_template",
      "name": "aws-linux-base",
      "provider": "provider[\"registry.terraform.io/coder/coderd\"]",
      "instances": [
        {
          "schema_version": 0,
          "attributes": {
            "acl": null,
            "activity_bump_ms": 3600000,
            "allow_user_auto_start": true,
            "allow_user_auto_stop": true,
            "allow_user_cancel_workspace_jobs": true,
            "auto_start_permitted_days_of_week": [
              "friday",
              "monday",
              "saturday",
              "sunday",
              "thursday",
              "tuesday",
              "wednesday"
            ],
            "auto_stop_requirement": {
              "days_of_week": [],
              "weeks": 1
            },
            "default_ttl_ms": 0,
            "deprecation_message": "",
            "description": "Provision AWS EC2 VMs as Coder workspaces",
            "display_name": "AWS EC2 (Linux)",
            "failure_ttl_ms": 0,
            "icon": "/icon/aws.png",
            "id": "a581871a-8cac-4f26-be71-f1ccefe9f9d6",
            "max_port_share_level": "owner",
            "name": "aws-linux-base",
            "organization_id": "39b40b02-f210-4b03-96fe-fb4e2e0e9d5d",
            "require_active_version": false,
            "time_til_dormant_autodelete_ms": 0,
            "time_til_dormant_ms": 0,
            "versions": [
              {
                "active": true,
                "directory": "./aws-linux-base",
                "directory_hash": "576dba0c29c449aed519f9bcbe940f424c04ac6b0c046a4a94e0c36972b678e9",
                "id": "f9cd1320-e6d0-4cfc-9377-51a385dfc020",
                "message": "",
                "name": "a92532f01e1de3fc4a88c99f2ec7f348736a3cb3",
                "provisioner_tags": null,
                "tf_vars": null
              }
            ]
          },
          "sensitive_attributes": [],
          "identity_schema_version": 0,
          "private": "eyJsYXN0X3ZlcnNpb25zIjoiZXlJMU56WmtZbUV3WXpJNVl6UTBPV0ZsWkRVeE9XWTVZbU5pWlRrME1HWTBNalJqTURSaFl6WmlNR013TkRaaE5HRTVOR1V3WXpNMk9UY3lZalkzT0dVNUlqcGJleUpwWkNJNkltWTVZMlF4TXpJd0xXVTJaREF0TkdObVl5MDVNemMzTFRVeFlUTTROV1JtWXpBeU1DSXNJbTVoYldVaU9pSmhPVEkxTXpKbU1ERmxNV1JsTTJaak5HRTRPR001T1dZeVpXTTNaak0wT0Rjek5tRXpZMkl6SWl3aWRHWmZkbUZ5Y3lJNmUzMHNJbUZqZEdsMlpTSTZkSEoxWlgxZGZRPT0ifQ=="
        }
      ]
    },
    {
      "mode": "managed",
      "type": "coderd_template",
      "name": "aws-linux-dlami",
      "provider": "provider[\"registry.terraform.io/coder/coderd\"]",
      "instances": [
        {
          "schema_version": 0,
          "attributes": {
            "acl": null,
            "activity_bump_ms": 3600000,
            "allow_user_auto_start": true,
            "allow_user_auto_stop": true,
            "allow_user_cancel_workspace_jobs": true,
            "auto_start_permitted_days_of_week": [
              "friday",
              "monday",
              "saturday",
              "sunday",
              "thursday",
              "tuesday",
              "wednesday"
            ],
            "auto_stop_requirement": {
              "days_of_week": [],
              "weeks": 1
            },
            "default_ttl_ms": 0,
            "deprecation_message": "",
            "description": "Provision AWS Deep Learning AMI (ARM64) as Coder workspaces",
            "display_name": "AWS EC2 (Linux) Deep Learning AMI",
            "failure_ttl_ms": 0,
            "icon": "/icon/aws.png",
            "id": "382d037b-9639-4206-8c71-6c697e3bf8b6",
            "max_port_share_level": "owner",
            "name": "aws-linux-dlami",
            "organization_id": "39b40b02-f210-4b03-96fe-fb4e2e0e9d5d",
            "require_active_version": false,
            "time_til_dormant_autodelete_ms": 0,
            "time_til_dormant_ms": 0,
            "versions": [
              {
                "active": true,
                "directory": "./aws-linux-dlami",
                "directory_hash": "21166f075c1a8fc656c6362d544d633f0922f4fad21a0e55154ccf7c1b35ddf3",
                "id": "65a9ac07-83e2-4eb9-82fa-0273649a87c0",
                "message": "",
                "name": "a92532f01e1de3fc4a88c99f2ec7f348736a3cb3",
                "provisioner_tags": null,
                "tf_vars": null
              }
            ]
          },
          "sensitive_attributes": [],
          "identity_schema_version": 0,
          "private": "eyJsYXN0X3ZlcnNpb25zIjoiZXlJeU1URTJObVl3TnpWak1XRTRabU0yTlRaak5qTTJNbVExTkRSa05qTXpaakE1TWpKbU5HWmhaREl4WVRCbE5UVXhOVFJqWTJZM1l6RmlNelZrWkdZeklqcGJleUpwWkNJNklqWTFZVGxoWXpBM0xUZ3paVEl0TkdWaU9TMDRNbVpoTFRBeU56TTJORGxoT0Rkak1DSXNJbTVoYldVaU9pSmhPVEkxTXpKbU1ERmxNV1JsTTJaak5HRTRPR001T1dZeVpXTTNaak0wT0Rjek5tRXpZMkl6SWl3aWRHWmZkbUZ5Y3lJNmUzMHNJbUZqZEdsMlpTSTZkSEoxWlgxZGZRPT0ifQ=="
        }
      ]
    },
    {
      "mode": "managed",
      "type": "coderd_template",
      "name": "aws-linux-ec2-container",
      "provider": "provider[\"registry.terraform.io/coder/coderd\"]",
      "instances": [
        {
          "schema_version": 0,
          "attributes": {
            "acl": null,
            "activity_bump_ms": 3600000,
            "allow_user_auto_start": true,
            "allow_user_auto_stop": true,
            "allow_user_cancel_workspace_jobs": true,
            "auto_start_permitted_days_of_week": [
              "friday",
              "monday",
              "saturday",
              "sunday",
              "thursday",
              "tuesday",
              "wednesday"
            ],
            "auto_stop_requirement": {
              "days_of_week": [],
              "weeks": 1
            },
            "default_ttl_ms": 0,
            "deprecation_message": "",
            "description": "Provision AWS EC2 VMs as Coder workspaces for Container Development",
            "display_name": "AWS EC2 (Linux) Container Development",
            "failure_ttl_ms": 0,
            "icon": "/icon/aws.png",
            "id": "9e1b3391-a5d7-4d59-bb88-886bc3e3af04",
            "max_port_share_level": "owner",
            "name": "aws-linux-ec2-container",
            "organization_id": "39b40b02-f210-4b03-96fe-fb4e2e0e9d5d",
            "require_active_version": false,
            "time_til_dormant_autodelete_ms": 0,
            "time_til_dormant_ms": 0,
            "versions": [
              {
                "active": true,
                "directory": "./aws-linux-ec2-container",
                "directory_hash": "ed2439465d6e295e5aa3739f68eca9a73e595b075d3d713d97c7a6f5130413e0",
                "id": "486dc1f6-178f-41fd-954f-a7f630e46221",
                "message": "",
                "name": "a92532f01e1de3fc4a88c99f2ec7f348736a3cb3",
                "provisioner_tags": null,
                "tf_vars": null
              }
            ]
          },
          "sensitive_attributes": [],
          "identity_schema_version": 0,
          "private": "eyJsYXN0X3ZlcnNpb25zIjoiZXlKbFpESTBNemswTmpWa05tVXlPVFZsTldGaE16Y3pPV1kyT0dWallUbGhOek5sTlRrMVlqQTNOV1F6WkRjeE0yUTVOMk0zWVRabU5URXpNRFF4TTJVd0lqcGJleUpwWkNJNklqUTRObVJqTVdZMkxURTNPR1l0TkRGbVpDMDVOVFJtTFdFM1pqWXpNR1UwTmpJeU1TSXNJbTVoYldVaU9pSmhPVEkxTXpKbU1ERmxNV1JsTTJaak5HRTRPR001T1dZeVpXTTNaak0wT0Rjek5tRXpZMkl6SWl3aWRHWmZkbUZ5Y3lJNmUzMHNJbUZqZEdsMlpTSTZkSEoxWlgxZGZRPT0ifQ=="
        }
      ]
    },
    {
      "mode": "managed",
      "type": "coderd_template",
      "name": "awshp-k8s-tasks-with-cc-jupyter",
      "provider": "provider[\"registry.terraform.io/coder/coderd\"]",
      "instances": [
        {
          "schema_version": 0,
          "attributes": {
            "acl": null,
            "activity_bump_ms": 3600000,
            "allow_user_auto_start": true,
            "allow_user_auto_stop": true,
            "allow_user_cancel_workspace_jobs": true,
            "auto_start_permitted_days_of_week": [
              "friday",
              "monday",
              "saturday",
              "sunday",
              "thursday",
              "tuesday",
              "wednesday"
            ],
            "auto_stop_requirement": {
              "days_of_week": [],
              "weeks": 1
            },
            "default_ttl_ms": 0,
            "deprecation_message": "",
            "description": "Provision Kubernetes Deployments as Coder workspaces with Anthropic Claude Code and Jupyter lab.",
            "display_name": "AWS Workshop - Kubernetes with Claude Code + Jupyter lab",
            "failure_ttl_ms": 0,
            "icon": "/icon/k8s.png",
            "id": "9263308d-3aae-4e01-9e41-7a73325cb006",
            "max_port_share_level": "owner",
            "name": "awshp-k8s-tasks-with-cc-jupyter",
            "organization_id": "39b40b02-f210-4b03-96fe-fb4e2e0e9d5d",
            "require_active_version": false,
            "time_til_dormant_autodelete_ms": 0,
            "time_til_dormant_ms": 0,
            "versions": [
              {
                "active": true,
                "directory": "./awshp-k8s-tasks-with-cc-jupyter",
                "directory_hash": "c6293e01a739728611c59fd7452b2cad2717a1703f810015c152e9c36f9900e5",
                "id": "28ac289e-a57c-469b-9b5f-fbf962e857ef",
                "message": "",
                "name": "a92532f01e1de3fc4a88c99f2ec7f348736a3cb3",
                "provisioner_tags": null,
                "tf_vars": [
                  {
                    "name": "namespace",
                    "value": "coder"
                  }
                ]
              }
            ]
          },
          "sensitive_attributes": [],
          "identity_schema_version": 0,
          "private": "eyJsYXN0X3ZlcnNpb25zIjoiZXlKak5qSTVNMlV3TVdFM016azNNamcyTVRGak5UbG1aRGMwTlRKaU1tTmhaREkzTVRkaE1UY3dNMlk0TVRBd01UVmpNVFV5WlRsak16Wm1PVGt3TUdVMUlqcGJleUpwWkNJNklqSTRZV015T0RsbExXRTFOMk10TkRZNVlpMDVZalZtTFdaaVpqazJNbVU0TlRkbFppSXNJbTVoYldVaU9pSmhPVEkxTXpKbU1ERmxNV1JsTTJaak5HRTRPR001T1dZeVpXTTNaak0wT0Rjek5tRXpZMkl6SWl3aWRHWmZkbUZ5Y3lJNmV5SnVZVzFsYzNCaFkyVWlPaUpqYjJSbGNpSjlMQ0poWTNScGRtVWlPblJ5ZFdWOVhYMD0ifQ=="
        }
      ]
    },
    {
      "mode": "managed",
      "type": "coderd_template",
      "name": "awshp-linux-atx-base",
      "provider": "provider[\"registry.terraform.io/coder/coderd\"]",
      "instances": [
        {
          "schema_version": 0,
          "attributes": {
            "acl": null,
            "activity_bump_ms": 3600000,
            "allow_user_auto_start": true,
            "allow_user_auto_stop": true,
            "allow_user_cancel_workspace_jobs": true,
            "auto_start_permitted_days_of_week": [
              "friday",
              "monday",
              "saturday",
              "sunday",
              "thursday",
              "tuesday",
              "wednesday"
            ],
            "auto_stop_requirement": {
              "days_of_week": [],
              "weeks": 1
            },
            "default_ttl_ms": 0,
            "deprecation_message": "",
            "description": "Provision AWS EC2 VMs as an AWS Transform enabled Coder workspaces",
            "display_name": "AWS Workshop - EC2 (Linux) Transform CLI",
            "failure_ttl_ms": 0,
            "icon": "/icon/aws.png",
            "id": "49a7f7b6-8e69-439e-b4a5-dec835a3e720",
            "max_port_share_level": "owner",
            "name": "awshp-linux-atx-base",
            "organization_id": "39b40b02-f210-4b03-96fe-fb4e2e0e9d5d",
            "require_active_version": false,
            "time_til_dormant_autodelete_ms": 0,
            "time_til_dormant_ms": 0,
            "versions": [
              {
                "active": true,
                "directory": "./awshp-linux-atx-base",
                "directory_hash": "a92979e51fa7cd182d1d360d717805d93da72c7bd8a4066420e7afac0135a7f1",
                "id": "30f6e025-717d-4cf5-ab92-df973e9211a3",
                "message": "",
                "name": "a92532f01e1de3fc4a88c99f2ec7f348736a3cb3",
                "provisioner_tags": null,
                "tf_vars": [
                  {
                    "name": "aws_iam_profile",
                    "value": "coder-workshop-ec2-workspace-profile"
                  }
                ]
              }
            ]
          },
          "sensitive_attributes": [],
          "identity_schema_version": 0,
          "private": "eyJsYXN0X3ZlcnNpb25zIjoiZXlKaE9USTVOemxsTlRGbVlUZGpaREU0TW1ReFpETTJNR1EzTVRjNE1EVmtPVE5rWVRjeVl6ZGlaRGhoTkRBMk5qUXlNR1UzWVdaaFl6QXhNelZoTjJZeElqcGJleUpwWkNJNklqTXdaalpsTURJMUxUY3hOMlF0TkdObU5TMWhZamt5TFdSbU9UY3paVGt5TVRGaE15SXNJbTVoYldVaU9pSmhPVEkxTXpKbU1ERmxNV1JsTTJaak5HRTRPR001T1dZeVpXTTNaak0wT0Rjek5tRXpZMkl6SWl3aWRHWmZkbUZ5Y3lJNmV5SmhkM05mYVdGdFgzQnliMlpwYkdVaU9pSmpiMlJsY2kxM2IzSnJjMmh2Y0MxbFl6SXRkMjl5YTNOd1lXTmxMWEJ5YjJacGJHVWlmU3dpWVdOMGFYWmxJanAwY25WbGZWMTkifQ=="
        }
      ]
    },
    {
      "mode": "managed",
      "type": "coderd_template",
      "name": "kubernetes-base",
      "provider": "provider[\"registry.terraform.io/coder/coderd\"]",
      "instances": [
        {
          "schema_version": 0,
          "attributes": {
            "acl": null,
            "activity_bump_ms": 3600000,
            "allow_user_auto_start": true,
            "allow_user_auto_stop": true,
            "allow_user_cancel_workspace_jobs": true,
            "auto_start_permitted_days_of_week": [
              "friday",
              "monday",
              "saturday",
              "sunday",
              "thursday",
              "tuesday",
              "wednesday"
            ],
            "auto_stop_requirement": {
              "days_of_week": [],
              "weeks": 1
            },
            "default_ttl_ms": 0,
            "deprecation_message": "",
            "description": "Provision Kubernetes Deployments as Coder workspaces.",
            "display_name": "Kubernetes (Deployment) GitOps",
            "failure_ttl_ms": 0,
            "icon": "/icon/k8s.png",
            "id": "25538993-f510-45c6-89c3-9e1668c0bf8e",
            "max_port_share_level": "owner",
            "name": "kubernetes-base-gitops",
            "organization_id": "39b40b02-f210-4b03-96fe-fb4e2e0e9d5d",
            "require_active_version": false,
            "time_til_dormant_autodelete_ms": 0,
            "time_til_dormant_ms": 0,
            "versions": [
              {
                "active": true,
                "directory": "./kubernetes-base",
                "directory_hash": "5a5a300d155013db14d43f8d7167547e98aeab0c916c3c9ddf1dbc19ac3975e3",
                "id": "dc4f00b1-76b8-49b3-845c-16a1501d4f9f",
                "message": "",
                "name": "a92532f01e1de3fc4a88c99f2ec7f348736a3cb3",
                "provisioner_tags": null,
                "tf_vars": [
                  {
                    "name": "namespace",
                    "value": "coder"
                  }
                ]
              }
            ]
          },
          "sensitive_attributes": [],
          "identity_schema_version": 0,
          "private": "eyJsYXN0X3ZlcnNpb25zIjoiZXlJMVlUVmhNekF3WkRFMU5UQXhNMlJpTVRSa05ETm1PR1EzTVRZM05UUTNaVGs0WVdWaFlqQmpPVEUyWXpOak9XUmtaakZrWW1NeE9XRmpNemszTldVeklqcGJleUpwWkNJNkltUmpOR1l3TUdJeExUYzJZamd0TkRsaU15MDRORFZqTFRFMllURTFNREZrTkdZNVppSXNJbTVoYldVaU9pSmhPVEkxTXpKbU1ERmxNV1JsTTJaak5HRTRPR001T1dZeVpXTTNaak0wT0Rjek5tRXpZMkl6SWl3aWRHWmZkbUZ5Y3lJNmV5SnVZVzFsYzNCaFkyVWlPaUpqYjJSbGNpSjlMQ0poWTNScGRtVWlPblJ5ZFdWOVhYMD0ifQ=="
        }
      ]
    },
    {
      "mode": "managed",
      "type": "coderd_template",
      "name": "kubernetes-devcontainer",
      "provider": "provider[\"registry.terraform.io/coder/coderd\"]",
      "instances": [
        {
          "schema_version": 0,
          "attributes": {
            "acl": null,
            "activity_bump_ms": 3600000,
            "allow_user_auto_start": true,
            "allow_user_auto_stop": true,
            "allow_user_cancel_workspace_jobs": true,
            "auto_start_permitted_days_of_week": [
              "friday",
              "monday",
              "saturday",
              "sunday",
              "thursday",
              "tuesday",
              "wednesday"
            ],
            "auto_stop_requirement": {
              "days_of_week": [],
              "weeks": 1
            },
            "default_ttl_ms": 0,
            "deprecation_message": "",
            "description": "Provision envbuilder pods as Coder workspaces",
            "display_name": "Devcontainers (Kubernetes) GitOps",
            "failure_ttl_ms": 0,
            "icon": "/icon/k8s.png",
            "id": "043d1c86-8c9d-45cb-86f8-b57b1127016a",
            "max_port_share_level": "owner",
            "name": "kubernetes-devcontainer-gitops",
            "organization_id": "39b40b02-f210-4b03-96fe-fb4e2e0e9d5d",
            "require_active_version": false,
            "time_til_dormant_autodelete_ms": 0,
            "time_til_dormant_ms": 0,
            "versions": [
              {
                "active": true,
                "directory": "./kubernetes-devcontainer",
                "directory_hash": "dbe12eda6eb520e4807e039507b861e9c0005fbaea042dc53ba5d117f07af18c",
                "id": "40a9883e-d727-4775-b5b6-5317058c6379",
                "message": "",
                "name": "a92532f01e1de3fc4a88c99f2ec7f348736a3cb3",
                "provisioner_tags": null,
                "tf_vars": [
                  {
                    "name": "namespace",
                    "value": "coder"
                  }
                ]
              }
            ]
          },
          "sensitive_attributes": [],
          "identity_schema_version": 0,
          "private": "eyJsYXN0X3ZlcnNpb25zIjoiZXlKa1ltVXhNbVZrWVRabFlqVXlNR1UwT0RBM1pUQXpPVFV3TjJJNE5qRmxPV013TURBMVptSmhaV0V3TkRKa1l6VXpZbUUxWkRFeE4yWXdOMkZtTVRoaklqcGJleUpwWkNJNklqUXdZVGs0T0RObExXUTNNamN0TkRjM05TMWlOV0kyTFRVek1UY3dOVGhqTmpNM09TSXNJbTVoYldVaU9pSmhPVEkxTXpKbU1ERmxNV1JsTTJaak5HRTRPR001T1dZeVpXTTNaak0wT0Rjek5tRXpZMkl6SWl3aWRHWmZkbUZ5Y3lJNmV5SnVZVzFsYzNCaFkyVWlPaUpqYjJSbGNpSjlMQ0poWTNScGRtVWlPblJ5ZFdWOVhYMD0ifQ=="
        }
      ]
    }
  ],
  "check_results": null
}
