{
  "version": 4,
  "terraform_version": "1.11.4",
  "serial": 46,
  "lineage": "1ec46bd0-c273-e2b5-3800-0383d7246efd",
  "outputs": {},
  "resources": [
    {
      "mode": "managed",
      "type": "coderd_template",
      "name": "aws-devcontainer",
      "provider": "provider[\"registry.terraform.io/coder/coderd\"]",
      "instances": [
        {
          "schema_version": 0,
          "attributes": {
            "acl": {
              "groups": [],
              "users": [
                {
                  "id": "3279532f-5d71-4eb6-b064-4b54540c18d4",
                  "role": "admin"
                }
              ]
            },
            "activity_bump_ms": 3600000,
            "allow_user_auto_start": true,
            "allow_user_auto_stop": true,
            "allow_user_cancel_workspace_jobs": true,
            "auto_start_permitted_days_of_week": [
              "friday",
              "monday",
              "saturday",
              "sunday",
              "thursday",
              "tuesday",
              "wednesday"
            ],
            "auto_stop_requirement": {
              "days_of_week": [],
              "weeks": 1
            },
            "default_ttl_ms": 0,
            "deprecation_message": "",
            "description": "Provision envbuilder containers on AWS EC2 VMs as Coder workspaces",
            "display_name": "Devcontainers (AWS EC2 Linux)",
            "failure_ttl_ms": 0,
            "icon": "/icon/aws.png",
            "id": "aeecc2f1-dd56-487b-81c3-20d15b97762d",
            "max_port_share_level": "owner",
            "name": "aws-devcontainer",
            "organization_id": "027ad802-118d-44b9-b382-d8dbba03c26c",
            "require_active_version": false,
            "time_til_dormant_autodelete_ms": 0,
            "time_til_dormant_ms": 0,
            "versions": [
              {
                "active": true,
                "directory": "./aws-devcontainer",
                "directory_hash": "50062139267fa910082a1b847e473d3dcdd6825ecd5cdb73601995ab4505574d",
                "id": "81493afa-3dc6-403c-b95c-687508f2fdb5",
                "message": "",
                "name": "32e3e78fa0aab23f051a073bf20ff7a1a65c2c83",
                "provisioner_tags": null,
                "tf_vars": null
              }
            ]
          },
          "sensitive_attributes": [],
          "private": "eyJsYXN0X3ZlcnNpb25zIjoiZXlJMU1EQTJNakV6T1RJMk4yWmhPVEV3TURneVlURmlPRFEzWlRRM00yUXpaR05rWkRZNE1qVmxZMlExWTJSaU56TTJNREU1T1RWaFlqUTFNRFUxTnpSa0lqcGJleUpwWkNJNklqZ3hORGt6WVdaaExUTmtZell0TkRBell5MWlPVFZqTFRZNE56VXdPR1l5Wm1SaU5TSXNJbTVoYldVaU9pSXpNbVV6WlRjNFptRXdZV0ZpTWpObU1EVXhZVEEzTTJKbU1qQm1aamRoTVdFMk5XTXlZemd6SWl3aWRHWmZkbUZ5Y3lJNmUzMHNJbUZqZEdsMlpTSTZkSEoxWlgxZGZRPT0ifQ==",
          "dependencies": [
            "coderd_user.coderGitOps"
          ]
        }
      ]
    },
    {
      "mode": "managed",
      "type": "coderd_template",
      "name": "aws-linux-agentic-sam",
      "provider": "provider[\"registry.terraform.io/coder/coderd\"]",
      "instances": [
        {
          "schema_version": 0,
          "attributes": {
            "acl": {
              "groups": [],
              "users": [
                {
                  "id": "3279532f-5d71-4eb6-b064-4b54540c18d4",
                  "role": "admin"
                }
              ]
            },
            "activity_bump_ms": 3600000,
            "allow_user_auto_start": true,
            "allow_user_auto_stop": true,
            "allow_user_cancel_workspace_jobs": true,
            "auto_start_permitted_days_of_week": [
              "friday",
              "monday",
              "saturday",
              "sunday",
              "thursday",
              "tuesday",
              "wednesday"
            ],
            "auto_stop_requirement": {
              "days_of_week": [],
              "weeks": 1
            },
            "default_ttl_ms": 0,
            "deprecation_message": "",
            "description": "Provision AWS EC2 VM Coder Workspace for Agentic Serverless Development",
            "display_name": "AWS EC2 (Linux) Agentic SAM",
            "failure_ttl_ms": 0,
            "icon": "/icon/aws.png",
            "id": "d5026088-6639-495a-97f2-ba97bd839049",
            "max_port_share_level": "owner",
            "name": "aws-linux-agentic-sam-gitops",
            "organization_id": "027ad802-118d-44b9-b382-d8dbba03c26c",
            "require_active_version": false,
            "time_til_dormant_autodelete_ms": 0,
            "time_til_dormant_ms": 0,
            "versions": [
              {
                "active": true,
                "directory": "./aws-linux-agentic-sam",
                "directory_hash": "d389abe0d52fe659ac42342138370a6f36c969ce15ee55cc6c0984993f2ee455",
                "id": "1a64dbc7-b09c-471b-a507-cb917d11a7b4",
                "message": "",
                "name": "32e3e78fa0aab23f051a073bf20ff7a1a65c2c83",
                "provisioner_tags": null,
                "tf_vars": [
                  {
                    "name": "anthropic_api_key",
                    "value": "default"
                  }
                ]
              }
            ]
          },
          "sensitive_attributes": [],
          "private": "eyJsYXN0X3ZlcnNpb25zIjoiZXlKa016ZzVZV0psTUdRMU1tWmxOalU1WVdNME1qTTBNakV6T0RNM01HRTJaak0yWXprMk9XTmxNVFZsWlRVMVkyTTJZekE1T0RRNU9UTm1NbVZsTkRVMUlqcGJleUpwWkNJNklqRmhOalJrWW1NM0xXSXdPV010TkRjeFlpMWhOVEEzTFdOaU9URTNaREV4WVRkaU5DSXNJbTVoYldVaU9pSXpNbVV6WlRjNFptRXdZV0ZpTWpObU1EVXhZVEEzTTJKbU1qQm1aamRoTVdFMk5XTXlZemd6SWl3aWRHWmZkbUZ5Y3lJNmV5SmhiblJvY205d2FXTmZZWEJwWDJ0bGVTSTZJbVJsWm1GMWJIUWlmU3dpWVdOMGFYWmxJanAwY25WbGZWMTkifQ==",
          "dependencies": [
            "coderd_user.coderGitOps"
          ]
        }
      ]
    },
    {
      "mode": "managed",
      "type": "coderd_template",
      "name": "aws-linux-base",
      "provider": "provider[\"registry.terraform.io/coder/coderd\"]",
      "instances": [
        {
          "schema_version": 0,
          "attributes": {
            "acl": {
              "groups": [],
              "users": [
                {
                  "id": "3279532f-5d71-4eb6-b064-4b54540c18d4",
                  "role": "admin"
                }
              ]
            },
            "activity_bump_ms": 3600000,
            "allow_user_auto_start": true,
            "allow_user_auto_stop": true,
            "allow_user_cancel_workspace_jobs": true,
            "auto_start_permitted_days_of_week": [
              "friday",
              "monday",
              "saturday",
              "sunday",
              "thursday",
              "tuesday",
              "wednesday"
            ],
            "auto_stop_requirement": {
              "days_of_week": [],
              "weeks": 1
            },
            "default_ttl_ms": 0,
            "deprecation_message": "",
            "description": "Provision AWS EC2 VMs as Coder workspaces",
            "display_name": "AWS EC2 (Linux)",
            "failure_ttl_ms": 0,
            "icon": "/icon/aws.png",
            "id": "b17fa0c1-7a44-4eb8-99b2-057622fcc0f6",
            "max_port_share_level": "owner",
            "name": "aws-linux-base",
            "organization_id": "027ad802-118d-44b9-b382-d8dbba03c26c",
            "require_active_version": false,
            "time_til_dormant_autodelete_ms": 0,
            "time_til_dormant_ms": 0,
            "versions": [
              {
                "active": true,
                "directory": "./aws-linux-base",
                "directory_hash": "576dba0c29c449aed519f9bcbe940f424c04ac6b0c046a4a94e0c36972b678e9",
                "id": "f45ce253-1e62-4d61-a516-bf26afecd3e4",
                "message": "",
                "name": "32e3e78fa0aab23f051a073bf20ff7a1a65c2c83",
                "provisioner_tags": null,
                "tf_vars": null
              }
            ]
          },
          "sensitive_attributes": [],
          "private": "eyJsYXN0X3ZlcnNpb25zIjoiZXlJMU56WmtZbUV3WXpJNVl6UTBPV0ZsWkRVeE9XWTVZbU5pWlRrME1HWTBNalJqTURSaFl6WmlNR013TkRaaE5HRTVOR1V3WXpNMk9UY3lZalkzT0dVNUlqcGJleUpwWkNJNkltWTBOV05sTWpVekxURmxOakl0TkdRMk1TMWhOVEUyTFdKbU1qWmhabVZqWkRObE5DSXNJbTVoYldVaU9pSXpNbVV6WlRjNFptRXdZV0ZpTWpObU1EVXhZVEEzTTJKbU1qQm1aamRoTVdFMk5XTXlZemd6SWl3aWRHWmZkbUZ5Y3lJNmUzMHNJbUZqZEdsMlpTSTZkSEoxWlgxZGZRPT0ifQ==",
          "dependencies": [
            "coderd_user.coderGitOps"
          ]
        }
      ]
    },
    {
      "mode": "managed",
      "type": "coderd_template",
      "name": "aws-linux-sam",
      "provider": "provider[\"registry.terraform.io/coder/coderd\"]",
      "instances": [
        {
          "schema_version": 0,
          "attributes": {
            "acl": {
              "groups": [],
              "users": [
                {
                  "id": "3279532f-5d71-4eb6-b064-4b54540c18d4",
                  "role": "admin"
                }
              ]
            },
            "activity_bump_ms": 3600000,
            "allow_user_auto_start": true,
            "allow_user_auto_stop": true,
            "allow_user_cancel_workspace_jobs": true,
            "auto_start_permitted_days_of_week": [
              "friday",
              "monday",
              "saturday",
              "sunday",
              "thursday",
              "tuesday",
              "wednesday"
            ],
            "auto_stop_requirement": {
              "days_of_week": [],
              "weeks": 1
            },
            "default_ttl_ms": 0,
            "deprecation_message": "",
            "description": "Provision AWS EC2 ARM64 VMs as Serverless Development Coder workspaces",
            "display_name": "AWS EC2 (Linux) SAM",
            "failure_ttl_ms": 0,
            "icon": "/icon/aws.png",
            "id": "09d5e526-1520-4b00-b8a4-69af59af3101",
            "max_port_share_level": "owner",
            "name": "aws-linux-sam",
            "organization_id": "027ad802-118d-44b9-b382-d8dbba03c26c",
            "require_active_version": false,
            "time_til_dormant_autodelete_ms": 0,
            "time_til_dormant_ms": 0,
            "versions": [
              {
                "active": true,
                "directory": "./aws-linux-sam",
                "directory_hash": "88087f634b2032b74c8bf971aa90b9527de520088b74f09ceb134aa5426a38fd",
                "id": "44166772-b395-4e6d-8ff3-2809d3edbb51",
                "message": "",
                "name": "32e3e78fa0aab23f051a073bf20ff7a1a65c2c83",
                "provisioner_tags": null,
                "tf_vars": null
              }
            ]
          },
          "sensitive_attributes": [],
          "private": "eyJsYXN0X3ZlcnNpb25zIjoiZXlJNE9EQTROMlkyTXpSaU1qQXpNbUkzTkdNNFltWTVOekZoWVRrd1lqazFNamRrWlRVeU1EQTRPR0kzTkdZd09XTmxZakV6TkdGaE5UUXlObUV6T0daa0lqcGJleUpwWkNJNklqUTBNVFkyTnpjeUxXSXpPVFV0TkdVMlpDMDRabVl6TFRJNE1EbGtNMlZrWW1JMU1TSXNJbTVoYldVaU9pSXpNbVV6WlRjNFptRXdZV0ZpTWpObU1EVXhZVEEzTTJKbU1qQm1aamRoTVdFMk5XTXlZemd6SWl3aWRHWmZkbUZ5Y3lJNmUzMHNJbUZqZEdsMlpTSTZkSEoxWlgxZGZRPT0ifQ==",
          "dependencies": [
            "coderd_user.coderGitOps"
          ]
        }
      ]
    },
    {
      "mode": "managed",
      "type": "coderd_template",
      "name": "aws-windows-dcv",
      "provider": "provider[\"registry.terraform.io/coder/coderd\"]",
      "instances": [
        {
          "schema_version": 0,
          "attributes": {
            "acl": {
              "groups": [],
              "users": [
                {
                  "id": "3279532f-5d71-4eb6-b064-4b54540c18d4",
                  "role": "admin"
                }
              ]
            },
            "activity_bump_ms": 3600000,
            "allow_user_auto_start": true,
            "allow_user_auto_stop": true,
            "allow_user_cancel_workspace_jobs": true,
            "auto_start_permitted_days_of_week": [
              "friday",
              "monday",
              "saturday",
              "sunday",
              "thursday",
              "tuesday",
              "wednesday"
            ],
            "auto_stop_requirement": {
              "days_of_week": [],
              "weeks": 1
            },
            "default_ttl_ms": 0,
            "deprecation_message": "",
            "description": "Provision AWS EC2 Windows VMs as Coder workspaces accessible via browser using Amazon DCV",
            "display_name": "AWS EC2 (Windows) DCV",
            "failure_ttl_ms": 0,
            "icon": "/icon/aws.png",
            "id": "a629f558-1329-4a1d-8d86-17c76062466d",
            "max_port_share_level": "owner",
            "name": "aws-windows-dcv",
            "organization_id": "027ad802-118d-44b9-b382-d8dbba03c26c",
            "require_active_version": false,
            "time_til_dormant_autodelete_ms": 0,
            "time_til_dormant_ms": 0,
            "versions": [
              {
                "active": true,
                "directory": "./aws-windows-dcv",
                "directory_hash": "8ce09b553586fafb972980298a3dd4917fbfa373a4ae71fbabc6891b82169a0a",
                "id": "3a8981c5-fc1b-4d4a-854d-6cb88dd96286",
                "message": "",
                "name": "32e3e78fa0aab23f051a073bf20ff7a1a65c2c83",
                "provisioner_tags": null,
                "tf_vars": null
              }
            ]
          },
          "sensitive_attributes": [],
          "private": "eyJsYXN0X3ZlcnNpb25zIjoiZXlJNFkyVXdPV0kxTlRNMU9EWm1ZV1ppT1RjeU9UZ3dNams0WVROa1pEUTVNVGRtWW1aaE16Y3pZVFJoWlRjeFptSmhZbU0yT0RreFlqZ3lNVFk1WVRCaElqcGJleUpwWkNJNklqTmhPRGs0TVdNMUxXWmpNV0l0TkdRMFlTMDROVFJrTFRaallqZzRaR1E1TmpJNE5pSXNJbTVoYldVaU9pSXpNbVV6WlRjNFptRXdZV0ZpTWpObU1EVXhZVEEzTTJKbU1qQm1aamRoTVdFMk5XTXlZemd6SWl3aWRHWmZkbUZ5Y3lJNmUzMHNJbUZqZEdsMlpTSTZkSEoxWlgxZGZRPT0ifQ==",
          "dependencies": [
            "coderd_user.coderGitOps"
          ]
        }
      ]
    },
    {
      "mode": "managed",
      "type": "coderd_template",
      "name": "kubernetes-base",
      "provider": "provider[\"registry.terraform.io/coder/coderd\"]",
      "instances": [
        {
          "schema_version": 0,
          "attributes": {
            "acl": {
              "groups": [],
              "users": [
                {
                  "id": "3279532f-5d71-4eb6-b064-4b54540c18d4",
                  "role": "admin"
                }
              ]
            },
            "activity_bump_ms": 3600000,
            "allow_user_auto_start": true,
            "allow_user_auto_stop": true,
            "allow_user_cancel_workspace_jobs": true,
            "auto_start_permitted_days_of_week": [
              "friday",
              "monday",
              "saturday",
              "sunday",
              "thursday",
              "tuesday",
              "wednesday"
            ],
            "auto_stop_requirement": {
              "days_of_week": [],
              "weeks": 1
            },
            "default_ttl_ms": 0,
            "deprecation_message": "",
            "description": "Provision Kubernetes Deployments as Coder workspaces.",
            "display_name": "Kubernetes (Deployment) GitOps",
            "failure_ttl_ms": 0,
            "icon": "/icon/k8s.png",
            "id": "f0f7720d-bda2-49f2-9bf4-e1fd5b25dc9f",
            "max_port_share_level": "owner",
            "name": "kubernetes-base-gitops",
            "organization_id": "027ad802-118d-44b9-b382-d8dbba03c26c",
            "require_active_version": false,
            "time_til_dormant_autodelete_ms": 0,
            "time_til_dormant_ms": 0,
            "versions": [
              {
                "active": true,
                "directory": "./kubernetes-base",
                "directory_hash": "19c0f4b2f7548279b983e327f235a6da5a1a4fe5ddfe4c8ed8c5869ed80e8c56",
                "id": "5d3e4ba5-d846-42d2-9ddd-e5ce5310dfd1",
                "message": "",
                "name": "32e3e78fa0aab23f051a073bf20ff7a1a65c2c83",
                "provisioner_tags": null,
                "tf_vars": [
                  {
                    "name": "namespace",
                    "value": "coder"
                  }
                ]
              }
            ]
          },
          "sensitive_attributes": [],
          "private": "eyJsYXN0X3ZlcnNpb25zIjoiZXlJeE9XTXdaalJpTW1ZM05UUTRNamM1WWprNE0yVXpNamRtTWpNMVlUWmtZVFZoTVdFMFptVTFaR1JtWlRSak9HVmtPR00xT0RZNVpXUTRNR1U0WXpVMklqcGJleUpwWkNJNklqVmtNMlUwWW1FMUxXUTRORFl0TkRKa01pMDVaR1JrTFdVMVkyVTFNekV3Wkdaa01TSXNJbTVoYldVaU9pSXpNbVV6WlRjNFptRXdZV0ZpTWpObU1EVXhZVEEzTTJKbU1qQm1aamRoTVdFMk5XTXlZemd6SWl3aWRHWmZkbUZ5Y3lJNmV5SnVZVzFsYzNCaFkyVWlPaUpqYjJSbGNpSjlMQ0poWTNScGRtVWlPblJ5ZFdWOVhYMD0ifQ==",
          "dependencies": [
            "coderd_user.coderGitOps"
          ]
        }
      ]
    },
    {
      "mode": "managed",
      "type": "coderd_template",
      "name": "kubernetes-devcontainer",
      "provider": "provider[\"registry.terraform.io/coder/coderd\"]",
      "instances": [
        {
          "schema_version": 0,
          "attributes": {
            "acl": {
              "groups": [],
              "users": [
                {
                  "id": "3279532f-5d71-4eb6-b064-4b54540c18d4",
                  "role": "admin"
                }
              ]
            },
            "activity_bump_ms": 3600000,
            "allow_user_auto_start": true,
            "allow_user_auto_stop": true,
            "allow_user_cancel_workspace_jobs": true,
            "auto_start_permitted_days_of_week": [
              "friday",
              "monday",
              "saturday",
              "sunday",
              "thursday",
              "tuesday",
              "wednesday"
            ],
            "auto_stop_requirement": {
              "days_of_week": [],
              "weeks": 1
            },
            "default_ttl_ms": 0,
            "deprecation_message": "",
            "description": "Provision envbuilder pods as Coder workspaces",
            "display_name": "Devcontainers (Kubernetes) GitOps",
            "failure_ttl_ms": 0,
            "icon": "/icon/k8s.png",
            "id": "cb9c6f74-7916-495d-a07a-e2ce0e276de3",
            "max_port_share_level": "owner",
            "name": "kubernetes-devcontainer-gitops",
            "organization_id": "027ad802-118d-44b9-b382-d8dbba03c26c",
            "require_active_version": false,
            "time_til_dormant_autodelete_ms": 0,
            "time_til_dormant_ms": 0,
            "versions": [
              {
                "active": true,
                "directory": "./kubernetes-devcontainer",
                "directory_hash": "1a38d20e57442973bca248853be44facd8963424f15e121788d8350bbfa68538",
                "id": "e9c2497e-6bd1-409e-8e94-dde4a608da30",
                "message": "",
                "name": "32e3e78fa0aab23f051a073bf20ff7a1a65c2c83",
                "provisioner_tags": null,
                "tf_vars": [
                  {
                    "name": "namespace",
                    "value": "coder"
                  }
                ]
              }
            ]
          },
          "sensitive_attributes": [],
          "private": "eyJsYXN0X3ZlcnNpb25zIjoiZXlJeFlUTTRaREl3WlRVM05EUXlPVGN6WW1OaE1qUTRPRFV6WW1VME5HWmhZMlE0T1RZek5ESTBaakUxWlRFeU1UYzRPR1E0TXpVd1ltSm1ZVFk0TlRNNElqcGJleUpwWkNJNkltVTVZekkwT1RkbExUWmlaREV0TkRBNVpTMDRaVGswTFdSa1pUUmhOakE0WkdFek1DSXNJbTVoYldVaU9pSXpNbVV6WlRjNFptRXdZV0ZpTWpObU1EVXhZVEEzTTJKbU1qQm1aamRoTVdFMk5XTXlZemd6SWl3aWRHWmZkbUZ5Y3lJNmV5SnVZVzFsYzNCaFkyVWlPaUpqYjJSbGNpSjlMQ0poWTNScGRtVWlPblJ5ZFdWOVhYMD0ifQ==",
          "dependencies": [
            "coderd_user.coderGitOps"
          ]
        }
      ]
    },
    {
      "mode": "managed",
      "type": "coderd_user",
      "name": "coderGitOps",
      "provider": "provider[\"registry.terraform.io/coder/coderd\"]",
      "instances": [
        {
          "schema_version": 0,
          "attributes": {
            "email": "GitOps@coder.com",
            "id": "3279532f-5d71-4eb6-b064-4b54540c18d4",
            "login_type": "none",
            "name": "Coder GitOps",
            "password": null,
            "roles": [],
            "suspended": false,
            "username": "coderGitOps"
          },
          "sensitive_attributes": [
            [
              {
                "type": "get_attr",
                "value": "password"
              }
            ]
          ]
        }
      ]
    }
  ],
  "check_results": null
}
